
Microsoft Visual Studio Solution File, Format Version 12.00
# Visual Studio 15
Project("{FAE04EC0-301F-11D3-BF4B-00C04F79EFBC}") = "Horror", "Assembly-CSharp.csproj", "{FBE5FED8-C6F9-D186-BCCD-208B34705BCD}"
EndProject
Project("{FAE04EC0-301F-11D3-BF4B-00C04F79EFBC}") = "Horror", "Assembly-CSharp-Editor.csproj", "{5C6173D4-607A-8AC1-6E0B-771EB26E0545}"
EndProject
Global
	GlobalSection(SolutionConfigurationPlatforms) = preSolution
		Debug|Any CPU = Debug|Any CPU
		Release|Any CPU = Release|Any CPU
	EndGlobalSection
	GlobalSection(ProjectConfigurationPlatforms) = postSolution
		{FBE5FED8-C6F9-D186-BCCD-208B34705BCD}.Debug|Any CPU.ActiveCfg = Debug|Any CPU
		{FBE5FED8-C6F9-D186-BCCD-208B34705BCD}.Debug|Any CPU.Build.0 = Debug|Any CPU
		{FBE5FED8-C6F9-D186-BCCD-208B34705BCD}.Release|Any CPU.ActiveCfg = Release|Any CPU
		{FBE5FED8-C6F9-D186-BCCD-208B34705BCD}.Release|Any CPU.Build.0 = Release|Any CPU
		{5C6173D4-607A-8AC1-6E0B-771EB26E0545}.Debug|Any CPU.ActiveCfg = Debug|Any CPU
		{5C6173D4-607A-8AC1-6E0B-771EB26E0545}.Debug|Any CPU.Build.0 = Debug|Any CPU
		{5C6173D4-607A-8AC1-6E0B-771EB26E0545}.Release|Any CPU.ActiveCfg = Release|Any CPU
		{5C6173D4-607A-8AC1-6E0B-771EB26E0545}.Release|Any CPU.Build.0 = Release|Any CPU
	EndGlobalSection
	GlobalSection(SolutionProperties) = preSolution
		HideSolutionNode = FALSE
	EndGlobalSection
EndGlobal
